
Microsoft Visual Studio Solution File, Format Version 12.00
# Visual Studio 2012
Project("{FAE04EC0-301F-11D3-BF4B-00C04F79EFBC}") = "Test predict", "Test predict\Test predict.csproj", "{2967BFB9-D791-4F1F-83CE-D8E609B95D7B}"
EndProject
Project("{2150E333-8FDC-42A3-9474-1A3956D46DE8}") = "Solution Items", "Solution Items", "{7DE3D496-D944-4FC4-A656-853BF77E6460}"
	ProjectSection(SolutionItems) = preProject
		Local.testsettings = Local.testsettings
	EndProjectSection
EndProject
Global
	GlobalSection(SolutionConfigurationPlatforms) = preSolution
		Debug|Any CPU = Debug|Any CPU
		Release|Any CPU = Release|Any CPU
	EndGlobalSection
	GlobalSection(ProjectConfigurationPlatforms) = postSolution
		{2967BFB9-D791-4F1F-83CE-D8E609B95D7B}.Debug|Any CPU.ActiveCfg = Debug|Any CPU
		{2967BFB9-D791-4F1F-83CE-D8E609B95D7B}.Debug|Any CPU.Build.0 = Debug|Any CPU
		{2967BFB9-D791-4F1F-83CE-D8E609B95D7B}.Release|Any CPU.ActiveCfg = Release|Any CPU
		{2967BFB9-D791-4F1F-83CE-D8E609B95D7B}.Release|Any CPU.Build.0 = Release|Any CPU
	EndGlobalSection
	GlobalSection(SolutionProperties) = preSolution
		HideSolutionNode = FALSE
	EndGlobalSection
EndGlobal
